// !$*UTF8*$!
{
	archiveVersion = 1;
	classes = {
	};
	objectVersion = 77;
	objects = {

/* Begin PBXBuildFile section */
		9C0B8E0F2EC74DDE000337A1 /* Algorithms in Frameworks */ = {isa = PBXBuildFile; productRef = 9C0B8E0E2EC74DDE000337A1 /* Algorithms */; };
/* End PBXBuildFile section */

/* Begin PBXContainerItemProxy section */
		9C0B8DC92EC30E0B000337A1 /* PBXContainerItemProxy */ = {
			isa = PBXContainerItemProxy;
			containerPortal = 9C0B8DB32EC30E08000337A1 /* Project object */;
			proxyType = 1;
			remoteGlobalIDString = 9C0B8DBA2EC30E08000337A1;
			remoteInfo = rhythm_game;
		};
		9C0B8DD32EC30E0B000337A1 /* PBXContainerItemProxy */ = {
			isa = PBXContainerItemProxy;
			containerPortal = 9C0B8DB32EC30E08000337A1 /* Project object */;
			proxyType = 1;
			remoteGlobalIDString = 9C0B8DBA2EC30E08000337A1;
			remoteInfo = rhythm_game;
		};
/* End PBXContainerItemProxy section */

/* Begin PBXFileReference section */
		9C0B8DBB2EC30E08000337A1 /* rhythm_game.app */ = {isa = PBXFileReference; explicitFileType = wrapper.application; includeInIndex = 0; path = rhythm_game.app; sourceTree = BUILT_PRODUCTS_DIR; };
		9C0B8DC82EC30E0B000337A1 /* rhythm_gameTests.xctest */ = {isa = PBXFileReference; explicitFileType = wrapper.cfbundle; includeInIndex = 0; path = rhythm_gameTests.xctest; sourceTree = BUILT_PRODUCTS_DIR; };
		9C0B8DD22EC30E0B000337A1 /* rhythm_gameUITests.xctest */ = {isa = PBXFileReference; explicitFileType = wrapper.cfbundle; includeInIndex = 0; path = rhythm_gameUITests.xctest; sourceTree = BUILT_PRODUCTS_DIR; };
/* End PBXFileReference section */

/* Begin PBXFileSystemSynchronizedBuildFileExceptionSet section */
		9C0B8DF82EC37E75000337A1 /* Exceptions for "rhythm_game" folder in "rhythm_game" target */ = {
			isa = PBXFileSystemSynchronizedBuildFileExceptionSet;
			membershipExceptions = (
				Info.plist,
			);
			target = 9C0B8DBA2EC30E08000337A1 /* rhythm_game */;
		};
		9C0B8E132EC82D8F000337A1 /* Exceptions for "Packages" folder in "rhythm_game" target */ = {
			isa = PBXFileSystemSynchronizedBuildFileExceptionSet;
			membershipExceptions = (
				SheetModel/SheetModel,
			);
			target = 9C0B8DBA2EC30E08000337A1 /* rhythm_game */;
		};
/* End PBXFileSystemSynchronizedBuildFileExceptionSet section */

/* Begin PBXFileSystemSynchronizedRootGroup section */
		9C0B8DBD2EC30E08000337A1 /* rhythm_game */ = {
			isa = PBXFileSystemSynchronizedRootGroup;
			exceptions = (
				9C0B8DF82EC37E75000337A1 /* Exceptions for "rhythm_game" folder in "rhythm_game" target */,
			);
			path = rhythm_game;
			sourceTree = "<group>";
		};
		9C0B8DCB2EC30E0B000337A1 /* rhythm_gameTests */ = {
			isa = PBXFileSystemSynchronizedRootGroup;
			path = rhythm_gameTests;
			sourceTree = "<group>";
		};
		9C0B8DD52EC30E0B000337A1 /* rhythm_gameUITests */ = {
			isa = PBXFileSystemSynchronizedRootGroup;
			path = rhythm_gameUITests;
			sourceTree = "<group>";
		};
		9C0B8DFE2EC74CF0000337A1 /* Resources */ = {
			isa = PBXFileSystemSynchronizedRootGroup;
			path = Resources;
			sourceTree = "<group>";
		};
		9C0B8E102EC74E22000337A1 /* Packages */ = {
			isa = PBXFileSystemSynchronizedRootGroup;
			exceptions = (
				9C0B8E132EC82D8F000337A1 /* Exceptions for "Packages" folder in "rhythm_game" target */,
			);
			path = Packages;
			sourceTree = "<group>";
		};
/* End PBXFileSystemSynchronizedRootGroup section */

/* Begin PBXFrameworksBuildPhase section */
		9C0B8DB82EC30E08000337A1 /* Frameworks */ = {
			isa = PBXFrameworksBuildPhase;
			buildActionMask = 2147483647;
			files = (
				9C0B8E0F2EC74DDE000337A1 /* Algorithms in Frameworks */,
			);
			runOnlyForDeploymentPostprocessing = 0;
		};
		9C0B8DC52EC30E0B000337A1 /* Frameworks */ = {
			isa = PBXFrameworksBuildPhase;
			buildActionMask = 2147483647;
			files = (
			);
			runOnlyForDeploymentPostprocessing = 0;
		};
		9C0B8DCF2EC30E0B000337A1 /* Frameworks */ = {
			isa = PBXFrameworksBuildPhase;
			buildActionMask = 2147483647;
			files = (
			);
			runOnlyForDeploymentPostprocessing = 0;
		};
/* End PBXFrameworksBuildPhase section */

/* Begin PBXGroup section */
		9C0B8DB22EC30E08000337A1 = {
			isa = PBXGroup;
			children = (
				9C0B8E102EC74E22000337A1 /* Packages */,
				9C0B8DFE2EC74CF0000337A1 /* Resources */,
				9C0B8DBD2EC30E08000337A1 /* rhythm_game */,
				9C0B8DCB2EC30E0B000337A1 /* rhythm_gameTests */,
				9C0B8DD52EC30E0B000337A1 /* rhythm_gameUITests */,
				9C0B8DBC2EC30E08000337A1 /* Products */,
			);
			sourceTree = "<group>";
		};
		9C0B8DBC2EC30E08000337A1 /* Products */ = {
			isa = PBXGroup;
			children = (
				9C0B8DBB2EC30E08000337A1 /* rhythm_game.app */,
				9C0B8DC82EC30E0B000337A1 /* rhythm_gameTests.xctest */,
				9C0B8DD22EC30E0B000337A1 /* rhythm_gameUITests.xctest */,
			);
			name = Products;
			sourceTree = "<group>";
		};
/* End PBXGroup section */

/* Begin PBXNativeTarget section */
		9C0B8DBA2EC30E08000337A1 /* rhythm_game */ = {
			isa = PBXNativeTarget;
			buildConfigurationList = 9C0B8DDC2EC30E0B000337A1 /* Build configuration list for PBXNativeTarget "rhythm_game" */;
			buildPhases = (
				9C0B8DB72EC30E08000337A1 /* Sources */,
				9C0B8DB82EC30E08000337A1 /* Frameworks */,
				9C0B8DB92EC30E08000337A1 /* Resources */,
			);
			buildRules = (
			);
			dependencies = (
			);
			fileSystemSynchronizedGroups = (
				9C0B8DBD2EC30E08000337A1 /* rhythm_game */,
				9C0B8DFE2EC74CF0000337A1 /* Resources */,
				9C0B8E102EC74E22000337A1 /* Packages */,
			);
			name = rhythm_game;
			packageProductDependencies = (
				9C0B8E0E2EC74DDE000337A1 /* Algorithms */,
			);
			productName = rhythm_game;
			productReference = 9C0B8DBB2EC30E08000337A1 /* rhythm_game.app */;
			productType = "com.apple.product-type.application";
		};
		9C0B8DC72EC30E0B000337A1 /* rhythm_gameTests */ = {
			isa = PBXNativeTarget;
			buildConfigurationList = 9C0B8DDF2EC30E0B000337A1 /* Build configuration list for PBXNativeTarget "rhythm_gameTests" */;
			buildPhases = (
				9C0B8DC42EC30E0B000337A1 /* Sources */,
				9C0B8DC52EC30E0B000337A1 /* Frameworks */,
				9C0B8DC62EC30E0B000337A1 /* Resources */,
			);
			buildRules = (
			);
			dependencies = (
				9C0B8DCA2EC30E0B000337A1 /* PBXTargetDependency */,
			);
			fileSystemSynchronizedGroups = (
				9C0B8DCB2EC30E0B000337A1 /* rhythm_gameTests */,
			);
			name = rhythm_gameTests;
			packageProductDependencies = (
			);
			productName = rhythm_gameTests;
			productReference = 9C0B8DC82EC30E0B000337A1 /* rhythm_gameTests.xctest */;
			productType = "com.apple.product-type.bundle.unit-test";
		};
		9C0B8DD12EC30E0B000337A1 /* rhythm_gameUITests */ = {
			isa = PBXNativeTarget;
			buildConfigurationList = 9C0B8DE22EC30E0B000337A1 /* Build configuration list for PBXNativeTarget "rhythm_gameUITests" */;
			buildPhases = (
				9C0B8DCE2EC30E0B000337A1 /* Sources */,
				9C0B8DCF2EC30E0B000337A1 /* Frameworks */,
				9C0B8DD02EC30E0B000337A1 /* Resources */,
			);
			buildRules = (
			);
			dependencies = (
				9C0B8DD42EC30E0B000337A1 /* PBXTargetDependency */,
			);
			fileSystemSynchronizedGroups = (
				9C0B8DD52EC30E0B000337A1 /* rhythm_gameUITests */,
			);
			name = rhythm_gameUITests;
			packageProductDependencies = (
			);
			productName = rhythm_gameUITests;
			productReference = 9C0B8DD22EC30E0B000337A1 /* rhythm_gameUITests.xctest */;
			productType = "com.apple.product-type.bundle.ui-testing";
		};
/* End PBXNativeTarget section */

/* Begin PBXProject section */
		9C0B8DB32EC30E08000337A1 /* Project object */ = {
			isa = PBXProject;
			attributes = {
				BuildIndependentTargetsInParallel = 1;
				LastSwiftUpdateCheck = 2610;
				LastUpgradeCheck = 2610;
				TargetAttributes = {
					9C0B8DBA2EC30E08000337A1 = {
						CreatedOnToolsVersion = 26.1;
					};
					9C0B8DC72EC30E0B000337A1 = {
						CreatedOnToolsVersion = 26.1;
						TestTargetID = 9C0B8DBA2EC30E08000337A1;
					};
					9C0B8DD12EC30E0B000337A1 = {
						CreatedOnToolsVersion = 26.1;
						TestTargetID = 9C0B8DBA2EC30E08000337A1;
					};
				};
			};
			buildConfigurationList = 9C0B8DB62EC30E08000337A1 /* Build configuration list for PBXProject "rhythm_game" */;
			developmentRegion = en;
			hasScannedForEncodings = 0;
			knownRegions = (
				en,
				Base,
			);
			mainGroup = 9C0B8DB22EC30E08000337A1;
			minimizedProjectReferenceProxies = 1;
			packageReferences = (
				9C0B8E0D2EC74DDE000337A1 /* XCRemoteSwiftPackageReference "swift-algorithms" */,
			);
			preferredProjectObjectVersion = 77;
			productRefGroup = 9C0B8DBC2EC30E08000337A1 /* Products */;
			projectDirPath = "";
			projectRoot = "";
			targets = (
				9C0B8DBA2EC30E08000337A1 /* rhythm_game */,
				9C0B8DC72EC30E0B000337A1 /* rhythm_gameTests */,
				9C0B8DD12EC30E0B000337A1 /* rhythm_gameUITests */,
			);
		};
/* End PBXProject section */

/* Begin PBXResourcesBuildPhase section */
		9C0B8DB92EC30E08000337A1 /* Resources */ = {
			isa = PBXResourcesBuildPhase;
			buildActionMask = 2147483647;
			files = (
			);
			runOnlyForDeploymentPostprocessing = 0;
		};
		9C0B8DC62EC30E0B000337A1 /* Resources */ = {
			isa = PBXResourcesBuildPhase;
			buildActionMask = 2147483647;
			files = (
			);
			runOnlyForDeploymentPostprocessing = 0;
		};
		9C0B8DD02EC30E0B000337A1 /* Resources */ = {
			isa = PBXResourcesBuildPhase;
			buildActionMask = 2147483647;
			files = (
			);
			runOnlyForDeploymentPostprocessing = 0;
		};
/* End PBXResourcesBuildPhase section */

/* Begin PBXSourcesBuildPhase section */
		9C0B8DB72EC30E08000337A1 /* Sources */ = {
			isa = PBXSourcesBuildPhase;
			buildActionMask = 2147483647;
			files = (
			);
			runOnlyForDeploymentPostprocessing = 0;
		};
		9C0B8DC42EC30E0B000337A1 /* Sources */ = {
			isa = PBXSourcesBuildPhase;
			buildActionMask = 2147483647;
			files = (
			);
			runOnlyForDeploymentPostprocessing = 0;
		};
		9C0B8DCE2EC30E0B000337A1 /* Sources */ = {
			isa = PBXSourcesBuildPhase;
			buildActionMask = 2147483647;
			files = (
			);
			runOnlyForDeploymentPostprocessing = 0;
		};
/* End PBXSourcesBuildPhase section */

/* Begin PBXTargetDependency section */
		9C0B8DCA2EC30E0B000337A1 /* PBXTargetDependency */ = {
			isa = PBXTargetDependency;
			target = 9C0B8DBA2EC30E08000337A1 /* rhythm_game */;
			targetProxy = 9C0B8DC92EC30E0B000337A1 /* PBXContainerItemProxy */;
		};
		9C0B8DD42EC30E0B000337A1 /* PBXTargetDependency */ = {
			isa = PBXTargetDependency;
			target = 9C0B8DBA2EC30E08000337A1 /* rhythm_game */;
			targetProxy = 9C0B8DD32EC30E0B000337A1 /* PBXContainerItemProxy */;
		};
/* End PBXTargetDependency section */

/* Begin XCBuildConfiguration section */
		9C0B8DDA2EC30E0B000337A1 /* Debug */ = {
			isa = XCBuildConfiguration;
			buildSettings = {
				ALWAYS_SEARCH_USER_PATHS = NO;
				ASSETCATALOG_COMPILER_GENERATE_SWIFT_ASSET_SYMBOL_EXTENSIONS = YES;
				CLANG_ANALYZER_NONNULL = YES;
				CLANG_ANALYZER_NUMBER_OBJECT_CONVERSION = YES_AGGRESSIVE;
				CLANG_CXX_LANGUAGE_STANDARD = "gnu++20";
				CLANG_ENABLE_MODULES = YES;
				CLANG_ENABLE_OBJC_ARC = YES;
				CLANG_ENABLE_OBJC_WEAK = YES;
				CLANG_WARN_BLOCK_CAPTURE_AUTORELEASING = YES;
				CLANG_WARN_BOOL_CONVERSION = YES;
				CLANG_WARN_COMMA = YES;
				CLANG_WARN_CONSTANT_CONVERSION = YES;
				CLANG_WARN_DEPRECATED_OBJC_IMPLEMENTATIONS = YES;
				CLANG_WARN_DIRECT_OBJC_ISA_USAGE = YES_ERROR;
				CLANG_WARN_DOCUMENTATION_COMMENTS = YES;
				CLANG_WARN_EMPTY_BODY = YES;
				CLANG_WARN_ENUM_CONVERSION = YES;
				CLANG_WARN_INFINITE_RECURSION = YES;
				CLANG_WARN_INT_CONVERSION = YES;
				CLANG_WARN_NON_LITERAL_NULL_CONVERSION = YES;
				CLANG_WARN_OBJC_IMPLICIT_RETAIN_SELF = YES;
				CLANG_WARN_OBJC_LITERAL_CONVERSION = YES;
				CLANG_WARN_OBJC_ROOT_CLASS = YES_ERROR;
				CLANG_WARN_QUOTED_INCLUDE_IN_FRAMEWORK_HEADER = YES;
				CLANG_WARN_RANGE_LOOP_ANALYSIS = YES;
				CLANG_WARN_STRICT_PROTOTYPES = YES;
				CLANG_WARN_SUSPICIOUS_MOVE = YES;
				CLANG_WARN_UNGUARDED_AVAILABILITY = YES_AGGRESSIVE;
				CLANG_WARN_UNREACHABLE_CODE = YES;
				CLANG_WARN__DUPLICATE_METHOD_MATCH = YES;
				COPY_PHASE_STRIP = NO;
				DEBUG_INFORMATION_FORMAT = dwarf;
				DEVELOPMENT_TEAM = KYYURCTQW9;
				ENABLE_STRICT_OBJC_MSGSEND = YES;
				ENABLE_TESTABILITY = YES;
				ENABLE_USER_SCRIPT_SANDBOXING = YES;
				GCC_C_LANGUAGE_STANDARD = gnu17;
				GCC_DYNAMIC_NO_PIC = NO;
				GCC_NO_COMMON_BLOCKS = YES;
				GCC_OPTIMIZATION_LEVEL = 0;
				GCC_PREPROCESSOR_DEFINITIONS = (
					"DEBUG=1",
					"$(inherited)",
				);
				GCC_WARN_64_TO_32_BIT_CONVERSION = YES;
				GCC_WARN_ABOUT_RETURN_TYPE = YES_ERROR;
				GCC_WARN_UNDECLARED_SELECTOR = YES;
				GCC_WARN_UNINITIALIZED_AUTOS = YES_AGGRESSIVE;
				GCC_WARN_UNUSED_FUNCTION = YES;
				GCC_WARN_UNUSED_VARIABLE = YES;
				IPHONEOS_DEPLOYMENT_TARGET = 26.1;
				LOCALIZATION_PREFERS_STRING_CATALOGS = YES;
				MTL_ENABLE_DEBUG_INFO = INCLUDE_SOURCE;
				MTL_FAST_MATH = YES;
				ONLY_ACTIVE_ARCH = YES;
				SDKROOT = iphoneos;
				SWIFT_ACTIVE_COMPILATION_CONDITIONS = "DEBUG $(inherited)";
				SWIFT_OPTIMIZATION_LEVEL = "-Onone";
			};
			name = Debug;
		};
		9C0B8DDB2EC30E0B000337A1 /* Release */ = {
			isa = XCBuildConfiguration;
			buildSettings = {
				ALWAYS_SEARCH_USER_PATHS = NO;
				ASSETCATALOG_COMPILER_GENERATE_SWIFT_ASSET_SYMBOL_EXTENSIONS = YES;
				CLANG_ANALYZER_NONNULL = YES;
				CLANG_ANALYZER_NUMBER_OBJECT_CONVERSION = YES_AGGRESSIVE;
				CLANG_CXX_LANGUAGE_STANDARD = "gnu++20";
				CLANG_ENABLE_MODULES = YES;
				CLANG_ENABLE_OBJC_ARC = YES;
				CLANG_ENABLE_OBJC_WEAK = YES;
				CLANG_WARN_BLOCK_CAPTURE_AUTORELEASING = YES;
				CLANG_WARN_BOOL_CONVERSION = YES;
				CLANG_WARN_COMMA = YES;
				CLANG_WARN_CONSTANT_CONVERSION = YES;
				CLANG_WARN_DEPRECATED_OBJC_IMPLEMENTATIONS = YES;
				CLANG_WARN_DIRECT_OBJC_ISA_USAGE = YES_ERROR;
				CLANG_WARN_DOCUMENTATION_COMMENTS = YES;
				CLANG_WARN_EMPTY_BODY = YES;
				CLANG_WARN_ENUM_CONVERSION = YES;
				CLANG_WARN_INFINITE_RECURSION = YES;
				CLANG_WARN_INT_CONVERSION = YES;
				CLANG_WARN_NON_LITERAL_NULL_CONVERSION = YES;
				CLANG_WARN_OBJC_IMPLICIT_RETAIN_SELF = YES;
				CLANG_WARN_OBJC_LITERAL_CONVERSION = YES;
				CLANG_WARN_OBJC_ROOT_CLASS = YES_ERROR;
				CLANG_WARN_QUOTED_INCLUDE_IN_FRAMEWORK_HEADER = YES;
				CLANG_WARN_RANGE_LOOP_ANALYSIS = YES;
				CLANG_WARN_STRICT_PROTOTYPES = YES;
				CLANG_WARN_SUSPICIOUS_MOVE = YES;
				CLANG_WARN_UNGUARDED_AVAILABILITY = YES_AGGRESSIVE;
				CLANG_WARN_UNREACHABLE_CODE = YES;
				CLANG_WARN__DUPLICATE_METHOD_MATCH = YES;
				COPY_PHASE_STRIP = NO;
				DEBUG_INFORMATION_FORMAT = "dwarf-with-dsym";
				DEVELOPMENT_TEAM = KYYURCTQW9;
				ENABLE_NS_ASSERTIONS = NO;
				ENABLE_STRICT_OBJC_MSGSEND = YES;
				ENABLE_USER_SCRIPT_SANDBOXING = YES;
				GCC_C_LANGUAGE_STANDARD = gnu17;
				GCC_NO_COMMON_BLOCKS = YES;
				GCC_WARN_64_TO_32_BIT_CONVERSION = YES;
				GCC_WARN_ABOUT_RETURN_TYPE = YES_ERROR;
				GCC_WARN_UNDECLARED_SELECTOR = YES;
				GCC_WARN_UNINITIALIZED_AUTOS = YES_AGGRESSIVE;
				GCC_WARN_UNUSED_FUNCTION = YES;
				GCC_WARN_UNUSED_VARIABLE = YES;
				IPHONEOS_DEPLOYMENT_TARGET = 26.1;
				LOCALIZATION_PREFERS_STRING_CATALOGS = YES;
				MTL_ENABLE_DEBUG_INFO = NO;
				MTL_FAST_MATH = YES;
				SDKROOT = iphoneos;
				SWIFT_COMPILATION_MODE = wholemodule;
				VALIDATE_PRODUCT = YES;
			};
			name = Release;
		};
		9C0B8DDD2EC30E0B000337A1 /* Debug */ = {
			isa = XCBuildConfiguration;
			buildSettings = {
				ASSETCATALOG_COMPILER_APPICON_NAME = AppIcon;
				ASSETCATALOG_COMPILER_GLOBAL_ACCENT_COLOR_NAME = AccentColor;
				CODE_SIGN_STYLE = Automatic;
				CURRENT_PROJECT_VERSION = 1;
				DEVELOPMENT_TEAM = KYYURCTQW9;
				ENABLE_PREVIEWS = YES;
				GENERATE_INFOPLIST_FILE = YES;
				INFOPLIST_KEY_UIApplicationSceneManifest_Generation = YES;
				INFOPLIST_KEY_UIApplicationSupportsIndirectInputEvents = YES;
				INFOPLIST_KEY_UILaunchScreen_Generation = YES;
				INFOPLIST_KEY_UISupportedInterfaceOrientations_iPad = "UIInterfaceOrientationPortrait UIInterfaceOrientationPortraitUpsideDown UIInterfaceOrientationLandscapeLeft UIInterfaceOrientationLandscapeRight";
				INFOPLIST_KEY_UISupportedInterfaceOrientations_iPhone = "UIInterfaceOrientationPortrait UIInterfaceOrientationLandscapeLeft UIInterfaceOrientationLandscapeRight";
				IPHONEOS_DEPLOYMENT_TARGET = 18.6;
				LD_RUNPATH_SEARCH_PATHS = (
					"$(inherited)",
					"@executable_path/Frameworks",
				);
				MARKETING_VERSION = 1.0;
				PRODUCT_BUNDLE_IDENTIFIER = "Akamurasaki.rhythm-game";
				PRODUCT_NAME = "$(TARGET_NAME)";
				STRING_CATALOG_GENERATE_SYMBOLS = YES;
				SWIFT_APPROACHABLE_CONCURRENCY = YES;
				SWIFT_DEFAULT_ACTOR_ISOLATION = MainActor;
				SWIFT_EMIT_LOC_STRINGS = YES;
				SWIFT_UPCOMING_FEATURE_MEMBER_IMPORT_VISIBILITY = YES;
				SWIFT_VERSION = 5.0;
				TARGETED_DEVICE_FAMILY = "1,2";
			};
			name = Debug;
		};
		9C0B8DDE2EC30E0B000337A1 /* Release */ = {
			isa = XCBuildConfiguration;
			buildSettings = {
				ASSETCATALOG_COMPILER_APPICON_NAME = AppIcon;
				ASSETCATALOG_COMPILER_GLOBAL_ACCENT_COLOR_NAME = AccentColor;
				CODE_SIGN_STYLE = Automatic;
				CURRENT_PROJECT_VERSION = 1;
				DEVELOPMENT_TEAM = KYYURCTQW9;
				ENABLE_PREVIEWS = YES;
				GENERATE_INFOPLIST_FILE = YES;
				INFOPLIST_KEY_UIApplicationSceneManifest_Generation = YES;
				INFOPLIST_KEY_UIApplicationSupportsIndirectInputEvents = YES;
				INFOPLIST_KEY_UILaunchScreen_Generation = YES;
				INFOPLIST_KEY_UISupportedInterfaceOrientations_iPad = "UIInterfaceOrientationPortrait UIInterfaceOrientationPortraitUpsideDown UIInterfaceOrientationLandscapeLeft UIInterfaceOrientationLandscapeRight";
				INFOPLIST_KEY_UISupportedInterfaceOrientations_iPhone = "UIInterfaceOrientationPortrait UIInterfaceOrientationLandscapeLeft UIInterfaceOrientationLandscapeRight";
				IPHONEOS_DEPLOYMENT_TARGET = 18.6;
				LD_RUNPATH_SEARCH_PATHS = (
					"$(inherited)",
					"@executable_path/Frameworks",
				);
				MARKETING_VERSION = 1.0;
				PRODUCT_BUNDLE_IDENTIFIER = "Akamurasaki.rhythm-game";
				PRODUCT_NAME = "$(TARGET_NAME)";
				STRING_CATALOG_GENERATE_SYMBOLS = YES;
				SWIFT_APPROACHABLE_CONCURRENCY = YES;
				SWIFT_DEFAULT_ACTOR_ISOLATION = MainActor;
				SWIFT_EMIT_LOC_STRINGS = YES;
				SWIFT_UPCOMING_FEATURE_MEMBER_IMPORT_VISIBILITY = YES;
				SWIFT_VERSION = 5.0;
				TARGETED_DEVICE_FAMILY = "1,2";
			};
			name = Release;
		};
		9C0B8DE02EC30E0B000337A1 /* Debug */ = {
			isa = XCBuildConfiguration;
			buildSettings = {
				BUNDLE_LOADER = "$(TEST_HOST)";
				CODE_SIGN_STYLE = Automatic;
				CURRENT_PROJECT_VERSION = 1;
				DEVELOPMENT_TEAM = KYYURCTQW9;
				GENERATE_INFOPLIST_FILE = YES;
				IPHONEOS_DEPLOYMENT_TARGET = 26.1;
				MARKETING_VERSION = 1.0;
				PRODUCT_BUNDLE_IDENTIFIER = "Akamurasaki.rhythm-gameTests";
				PRODUCT_NAME = "$(TARGET_NAME)";
				STRING_CATALOG_GENERATE_SYMBOLS = NO;
				SWIFT_APPROACHABLE_CONCURRENCY = YES;
				SWIFT_EMIT_LOC_STRINGS = NO;
				SWIFT_UPCOMING_FEATURE_MEMBER_IMPORT_VISIBILITY = YES;
				SWIFT_VERSION = 5.0;
				TARGETED_DEVICE_FAMILY = "1,2";
				TEST_HOST = "$(BUILT_PRODUCTS_DIR)/rhythm_game.app/$(BUNDLE_EXECUTABLE_FOLDER_PATH)/rhythm_game";
			};
			name = Debug;
		};
		9C0B8DE12EC30E0B000337A1 /* Release */ = {
			isa = XCBuildConfiguration;
			buildSettings = {
				BUNDLE_LOADER = "$(TEST_HOST)";
				CODE_SIGN_STYLE = Automatic;
				CURRENT_PROJECT_VERSION = 1;
				DEVELOPMENT_TEAM = KYYURCTQW9;
				GENERATE_INFOPLIST_FILE = YES;
				IPHONEOS_DEPLOYMENT_TARGET = 26.1;
				MARKETING_VERSION = 1.0;
				PRODUCT_BUNDLE_IDENTIFIER = "Akamurasaki.rhythm-gameTests";
				PRODUCT_NAME = "$(TARGET_NAME)";
				STRING_CATALOG_GENERATE_SYMBOLS = NO;
				SWIFT_APPROACHABLE_CONCURRENCY = YES;
				SWIFT_EMIT_LOC_STRINGS = NO;
				SWIFT_UPCOMING_FEATURE_MEMBER_IMPORT_VISIBILITY = YES;
				SWIFT_VERSION = 5.0;
				TARGETED_DEVICE_FAMILY = "1,2";
				TEST_HOST = "$(BUILT_PRODUCTS_DIR)/rhythm_game.app/$(BUNDLE_EXECUTABLE_FOLDER_PATH)/rhythm_game";
			};
			name = Release;
		};
		9C0B8DE32EC30E0B000337A1 /* Debug */ = {
			isa = XCBuildConfiguration;
			buildSettings = {
				CODE_SIGN_STYLE = Automatic;
				CURRENT_PROJECT_VERSION = 1;
				DEVELOPMENT_TEAM = KYYURCTQW9;
				GENERATE_INFOPLIST_FILE = YES;
				MARKETING_VERSION = 1.0;
				PRODUCT_BUNDLE_IDENTIFIER = "Akamurasaki.rhythm-gameUITests";
				PRODUCT_NAME = "$(TARGET_NAME)";
				STRING_CATALOG_GENERATE_SYMBOLS = NO;
				SWIFT_APPROACHABLE_CONCURRENCY = YES;
				SWIFT_EMIT_LOC_STRINGS = NO;
				SWIFT_UPCOMING_FEATURE_MEMBER_IMPORT_VISIBILITY = YES;
				SWIFT_VERSION = 5.0;
				TARGETED_DEVICE_FAMILY = "1,2";
				TEST_TARGET_NAME = rhythm_game;
			};
			name = Debug;
		};
		9C0B8DE42EC30E0B000337A1 /* Release */ = {
			isa = XCBuildConfiguration;
			buildSettings = {
				CODE_SIGN_STYLE = Automatic;
				CURRENT_PROJECT_VERSION = 1;
				DEVELOPMENT_TEAM = KYYURCTQW9;
				GENERATE_INFOPLIST_FILE = YES;
				MARKETING_VERSION = 1.0;
				PRODUCT_BUNDLE_IDENTIFIER = "Akamurasaki.rhythm-gameUITests";
				PRODUCT_NAME = "$(TARGET_NAME)";
				STRING_CATALOG_GENERATE_SYMBOLS = NO;
				SWIFT_APPROACHABLE_CONCURRENCY = YES;
				SWIFT_EMIT_LOC_STRINGS = NO;
				SWIFT_UPCOMING_FEATURE_MEMBER_IMPORT_VISIBILITY = YES;
				SWIFT_VERSION = 5.0;
				TARGETED_DEVICE_FAMILY = "1,2";
				TEST_TARGET_NAME = rhythm_game;
			};
			name = Release;
		};
/* End XCBuildConfiguration section */

/* Begin XCConfigurationList section */
		9C0B8DB62EC30E08000337A1 /* Build configuration list for PBXProject "rhythm_game" */ = {
			isa = XCConfigurationList;
			buildConfigurations = (
				9C0B8DDA2EC30E0B000337A1 /* Debug */,
				9C0B8DDB2EC30E0B000337A1 /* Release */,
			);
			defaultConfigurationIsVisible = 0;
			defaultConfigurationName = Release;
		};
		9C0B8DDC2EC30E0B000337A1 /* Build configuration list for PBXNativeTarget "rhythm_game" */ = {
			isa = XCConfigurationList;
			buildConfigurations = (
				9C0B8DDD2EC30E0B000337A1 /* Debug */,
				9C0B8DDE2EC30E0B000337A1 /* Release */,
			);
			defaultConfigurationIsVisible = 0;
			defaultConfigurationName = Release;
		};
		9C0B8DDF2EC30E0B000337A1 /* Build configuration list for PBXNativeTarget "rhythm_gameTests" */ = {
			isa = XCConfigurationList;
			buildConfigurations = (
				9C0B8DE02EC30E0B000337A1 /* Debug */,
				9C0B8DE12EC30E0B000337A1 /* Release */,
			);
			defaultConfigurationIsVisible = 0;
			defaultConfigurationName = Release;
		};
		9C0B8DE22EC30E0B000337A1 /* Build configuration list for PBXNativeTarget "rhythm_gameUITests" */ = {
			isa = XCConfigurationList;
			buildConfigurations = (
				9C0B8DE32EC30E0B000337A1 /* Debug */,
				9C0B8DE42EC30E0B000337A1 /* Release */,
			);
			defaultConfigurationIsVisible = 0;
			defaultConfigurationName = Release;
		};
/* End XCConfigurationList section */

/* Begin XCRemoteSwiftPackageReference section */
		9C0B8E0D2EC74DDE000337A1 /* XCRemoteSwiftPackageReference "swift-algorithms" */ = {
			isa = XCRemoteSwiftPackageReference;
			repositoryURL = "https://github.com/apple/swift-algorithms.git";
			requirement = {
				kind = upToNextMajorVersion;
				minimumVersion = 1.2.1;
			};
		};
/* End XCRemoteSwiftPackageReference section */

/* Begin XCSwiftPackageProductDependency section */
		9C0B8E0E2EC74DDE000337A1 /* Algorithms */ = {
			isa = XCSwiftPackageProductDependency;
			package = 9C0B8E0D2EC74DDE000337A1 /* XCRemoteSwiftPackageReference "swift-algorithms" */;
			productName = Algorithms;
		};
/* End XCSwiftPackageProductDependency section */
	};
	rootObject = 9C0B8DB32EC30E08000337A1 /* Project object */;
}
